
Microsoft Visual Studio Solution File, Format Version 12.00
# Visual Studio 2013
VisualStudioVersion = 12.0.21005.1
MinimumVisualStudioVersion = 10.0.40219.1
Project("{FAE04EC0-301F-11D3-BF4B-00C04F79EFBC}") = "AngularJSAuthentication.API", "AngularJSAuthentication.API\AngularJSAuthentication.API.csproj", "{23DFCFD5-B158-4C0D-9C31-5E9CB64C64CF}"
EndProject
Project("{FAE04EC0-301F-11D3-BF4B-00C04F79EFBC}") = "OAuth.Web", "OAuth.Web\OAuth.Web.csproj", "{E4156422-2684-4222-95C2-4B9AE4CBA7E3}"
EndProject
Project("{FAE04EC0-301F-11D3-BF4B-00C04F79EFBC}") = "AngularJSAuthentication.ResourceServer", "AngularJSAuthentication.ResourceServer\AngularJSAuthentication.ResourceServer.csproj", "{69BC6280-CF91-409C-81BF-28B95417ACBF}"
EndProject
Project("{FAE04EC0-301F-11D3-BF4B-00C04F79EFBC}") = "OAuth.Api", "OAuth.Api\OAuth.Api.csproj", "{CA4FA021-4ECA-41BF-A49B-123E9B5BD882}"
EndProject
Project("{FAE04EC0-301F-11D3-BF4B-00C04F79EFBC}") = "OAuth.Repository", "OAuth.Repository\OAuth.Repository.csproj", "{3E014C73-D340-449F-AB32-8E261FD26B1F}"
EndProject
Project("{FAE04EC0-301F-11D3-BF4B-00C04F79EFBC}") = "OAuth.ConsoleApp", "OAuthConsole\OAuth.ConsoleApp.csproj", "{27044F39-76BC-4ACE-A5F8-BA4AAAD85439}"
EndProject
Project("{FAE04EC0-301F-11D3-BF4B-00C04F79EFBC}") = "NugetSpec", "NugetSpec\NugetSpec.csproj", "{AB57E435-8294-4F4A-9B9C-81C93F52917E}"
EndProject
Project("{2150E333-8FDC-42A3-9474-1A3956D46DE8}") = ".nuget", ".nuget", "{D7090ECE-CA86-433E-85CE-93731EAE8DD6}"
	ProjectSection(SolutionItems) = preProject
		.nuget\NuGet.Config = .nuget\NuGet.Config
		.nuget\NuGet.exe = .nuget\NuGet.exe
		.nuget\NuGet.targets = .nuget\NuGet.targets
		.nuget\packages.config = .nuget\packages.config
	EndProjectSection
EndProject
Global
	GlobalSection(SolutionConfigurationPlatforms) = preSolution
		Debug|Any CPU = Debug|Any CPU
		Release|Any CPU = Release|Any CPU
	EndGlobalSection
	GlobalSection(ProjectConfigurationPlatforms) = postSolution
		{23DFCFD5-B158-4C0D-9C31-5E9CB64C64CF}.Debug|Any CPU.ActiveCfg = Debug|Any CPU
		{23DFCFD5-B158-4C0D-9C31-5E9CB64C64CF}.Debug|Any CPU.Build.0 = Debug|Any CPU
		{23DFCFD5-B158-4C0D-9C31-5E9CB64C64CF}.Release|Any CPU.ActiveCfg = Release|Any CPU
		{23DFCFD5-B158-4C0D-9C31-5E9CB64C64CF}.Release|Any CPU.Build.0 = Release|Any CPU
		{E4156422-2684-4222-95C2-4B9AE4CBA7E3}.Debug|Any CPU.ActiveCfg = Debug|Any CPU
		{E4156422-2684-4222-95C2-4B9AE4CBA7E3}.Debug|Any CPU.Build.0 = Debug|Any CPU
		{E4156422-2684-4222-95C2-4B9AE4CBA7E3}.Release|Any CPU.ActiveCfg = Release|Any CPU
		{E4156422-2684-4222-95C2-4B9AE4CBA7E3}.Release|Any CPU.Build.0 = Release|Any CPU
		{69BC6280-CF91-409C-81BF-28B95417ACBF}.Debug|Any CPU.ActiveCfg = Debug|Any CPU
		{69BC6280-CF91-409C-81BF-28B95417ACBF}.Debug|Any CPU.Build.0 = Debug|Any CPU
		{69BC6280-CF91-409C-81BF-28B95417ACBF}.Release|Any CPU.ActiveCfg = Release|Any CPU
		{69BC6280-CF91-409C-81BF-28B95417ACBF}.Release|Any CPU.Build.0 = Release|Any CPU
		{CA4FA021-4ECA-41BF-A49B-123E9B5BD882}.Debug|Any CPU.ActiveCfg = Debug|Any CPU
		{CA4FA021-4ECA-41BF-A49B-123E9B5BD882}.Debug|Any CPU.Build.0 = Debug|Any CPU
		{CA4FA021-4ECA-41BF-A49B-123E9B5BD882}.Release|Any CPU.ActiveCfg = Release|Any CPU
		{CA4FA021-4ECA-41BF-A49B-123E9B5BD882}.Release|Any CPU.Build.0 = Release|Any CPU
		{3E014C73-D340-449F-AB32-8E261FD26B1F}.Debug|Any CPU.ActiveCfg = Debug|Any CPU
		{3E014C73-D340-449F-AB32-8E261FD26B1F}.Debug|Any CPU.Build.0 = Debug|Any CPU
		{3E014C73-D340-449F-AB32-8E261FD26B1F}.Release|Any CPU.ActiveCfg = Release|Any CPU
		{3E014C73-D340-449F-AB32-8E261FD26B1F}.Release|Any CPU.Build.0 = Release|Any CPU
		{27044F39-76BC-4ACE-A5F8-BA4AAAD85439}.Debug|Any CPU.ActiveCfg = Debug|Any CPU
		{27044F39-76BC-4ACE-A5F8-BA4AAAD85439}.Debug|Any CPU.Build.0 = Debug|Any CPU
		{27044F39-76BC-4ACE-A5F8-BA4AAAD85439}.Release|Any CPU.ActiveCfg = Release|Any CPU
		{27044F39-76BC-4ACE-A5F8-BA4AAAD85439}.Release|Any CPU.Build.0 = Release|Any CPU
		{AB57E435-8294-4F4A-9B9C-81C93F52917E}.Debug|Any CPU.ActiveCfg = Debug|Any CPU
		{AB57E435-8294-4F4A-9B9C-81C93F52917E}.Debug|Any CPU.Build.0 = Debug|Any CPU
		{AB57E435-8294-4F4A-9B9C-81C93F52917E}.Release|Any CPU.ActiveCfg = Release|Any CPU
		{AB57E435-8294-4F4A-9B9C-81C93F52917E}.Release|Any CPU.Build.0 = Release|Any CPU
	EndGlobalSection
	GlobalSection(SolutionProperties) = preSolution
		HideSolutionNode = FALSE
	EndGlobalSection
EndGlobal
